PODS:
  - BBTemplater (0.1.11):
    - LPXML (~> 0.1)
    - Sequencer (~> 1.0)
  - LPXML (0.1.0)
  - Sequencer (1.0.1)

DEPENDENCIES:
  - BBTemplater (from `../`)

EXTERNAL SOURCES:
  BBTemplater:
    :path: ../

SPEC CHECKSUMS:
  BBTemplater: eb4a3d760f7e7a664bdc6f0a238a0f8eeb05a172
  LPXML: 350d6dc16cb0d493655a9127860ff70ef22cc60e
  Sequencer: 53040fea35ecde55ba9cdb3a505a00cfb0e797b2

COCOAPODS: 0.39.0
